// !$*UTF8*$!
{
	archiveVersion = 1;
	classes = {
	};
	objectVersion = 56;
	objects = {

/* Begin PBXBuildFile section */
		BF3541E72C8B918300F7B096 /* ShaderProgram.cpp in Sources */ = {isa = PBXBuildFile; fileRef = BF3541E42C8B918300F7B096 /* ShaderProgram.cpp */; };
		BF3541EA2C8B92DC00F7B096 /* OpenGL.framework in Frameworks */ = {isa = PBXBuildFile; fileRef = BF3541E92C8B92DC00F7B096 /* OpenGL.framework */; };
		BF3541EC2C8B92E700F7B096 /* Cocoa.framework in Frameworks */ = {isa = PBXBuildFile; fileRef = BF3541EB2C8B92E700F7B096 /* Cocoa.framework */; };
		BF3541F02C8B930500F7B096 /* SDL2_image.framework in Frameworks */ = {isa = PBXBuildFile; fileRef = BF3541ED2C8B930500F7B096 /* SDL2_image.framework */; };
		BF3541F12C8B930500F7B096 /* SDL2.framework in Frameworks */ = {isa = PBXBuildFile; fileRef = BF3541EE2C8B930500F7B096 /* SDL2.framework */; };
		BF3541F22C8B930500F7B096 /* SDL2_mixer.framework in Frameworks */ = {isa = PBXBuildFile; fileRef = BF3541EF2C8B930500F7B096 /* SDL2_mixer.framework */; };
		BF3541F32C8B932200F7B096 /* shaders in CopyFiles */ = {isa = PBXBuildFile; fileRef = BF3541E62C8B918300F7B096 /* shaders */; };
		BF4367762CD8037800E9D7CF /* main.cpp in Sources */ = {isa = PBXBuildFile; fileRef = BF4367752CD8037800E9D7CF /* main.cpp */; };
		BF43677A2CD81E2700E9D7CF /* galactic.mp3 in CopyFiles */ = {isa = PBXBuildFile; fileRef = BF4367792CD81D6D00E9D7CF /* galactic.mp3 */; };
		BF4367902CD85B6B00E9D7CF /* windrise-background-4k.png in CopyFiles */ = {isa = PBXBuildFile; fileRef = BF43677C2CD8240E00E9D7CF /* windrise-background-4k.png */; };
		BF4367972CD862BE00E9D7CF /* retro-jump-3-236683.wav in CopyFiles */ = {isa = PBXBuildFile; fileRef = BF43678C2CD834D200E9D7CF /* retro-jump-3-236683.wav */; };
		BF4367982CD862C300E9D7CF /* bounce.wav in CopyFiles */ = {isa = PBXBuildFile; fileRef = BF6DF7B52CC2F22400772AA0 /* bounce.wav */; };
		BF4367992CD862C700E9D7CF /* platformPack_tile027.png in CopyFiles */ = {isa = PBXBuildFile; fileRef = BF6DF7B92CC2F22400772AA0 /* platformPack_tile027.png */; };
		BF43679A2CD862CC00E9D7CF /* health_none.png in CopyFiles */ = {isa = PBXBuildFile; fileRef = BF4367802CD833B100E9D7CF /* health_none.png */; };
		BF43679B2CD862CE00E9D7CF /* health_verylow.png in CopyFiles */ = {isa = PBXBuildFile; fileRef = BF4367812CD833B100E9D7CF /* health_verylow.png */; };
		BF43679C2CD862D500E9D7CF /* health_medium.png in CopyFiles */ = {isa = PBXBuildFile; fileRef = BF43677F2CD833B100E9D7CF /* health_medium.png */; };
		BF43679D2CD862D600E9D7CF /* health_low.png in CopyFiles */ = {isa = PBXBuildFile; fileRef = BF43677E2CD833B100E9D7CF /* health_low.png */; };
		BF43679E2CD862DA00E9D7CF /* Meow-Knight_Attack_1.png in CopyFiles */ = {isa = PBXBuildFile; fileRef = BF4367822CD833B100E9D7CF /* Meow-Knight_Attack_1.png */; };
		BF43679F2CD862DC00E9D7CF /* Meow-Knight_Attack_2.png in CopyFiles */ = {isa = PBXBuildFile; fileRef = BF4367832CD833B100E9D7CF /* Meow-Knight_Attack_2.png */; };
		BF4367AD2CD8716300E9D7CF /* Map.cpp in Sources */ = {isa = PBXBuildFile; fileRef = BF4367AC2CD8716300E9D7CF /* Map.cpp */; };
		BF6DF7C42CC2F32000772AA0 /* Entity.cpp in Sources */ = {isa = PBXBuildFile; fileRef = BF6DF7C22CC2F32000772AA0 /* Entity.cpp */; };
/* End PBXBuildFile section */

/* Begin PBXCopyFilesBuildPhase section */
		BF3541D02C8B90B100F7B096 /* CopyFiles */ = {
			isa = PBXCopyFilesBuildPhase;
			buildActionMask = 2147483647;
			dstPath = "";
			dstSubfolderSpec = 6;
			files = (
				BF4367972CD862BE00E9D7CF /* retro-jump-3-236683.wav in CopyFiles */,
				BF4367982CD862C300E9D7CF /* bounce.wav in CopyFiles */,
				BF4367992CD862C700E9D7CF /* platformPack_tile027.png in CopyFiles */,
				BF3541F32C8B932200F7B096 /* shaders in CopyFiles */,
				BF43679D2CD862D600E9D7CF /* health_low.png in CopyFiles */,
				BF43679A2CD862CC00E9D7CF /* health_none.png in CopyFiles */,
				BF43679E2CD862DA00E9D7CF /* Meow-Knight_Attack_1.png in CopyFiles */,
				BF43679C2CD862D500E9D7CF /* health_medium.png in CopyFiles */,
				BF43677A2CD81E2700E9D7CF /* galactic.mp3 in CopyFiles */,
				BF43679F2CD862DC00E9D7CF /* Meow-Knight_Attack_2.png in CopyFiles */,
				BF43679B2CD862CE00E9D7CF /* health_verylow.png in CopyFiles */,
				BF4367902CD85B6B00E9D7CF /* windrise-background-4k.png in CopyFiles */,
			);
			runOnlyForDeploymentPostprocessing = 1;
		};
/* End PBXCopyFilesBuildPhase section */

/* Begin PBXFileReference section */
		BF3541D22C8B90B100F7B096 /* Project4 */ = {isa = PBXFileReference; explicitFileType = "compiled.mach-o.executable"; includeInIndex = 0; path = Project4; sourceTree = BUILT_PRODUCTS_DIR; };
		BF3541E22C8B918300F7B096 /* glm */ = {isa = PBXFileReference; lastKnownFileType = folder; path = glm; sourceTree = "<group>"; };
		BF3541E32C8B918300F7B096 /* ShaderProgram.h */ = {isa = PBXFileReference; fileEncoding = 4; lastKnownFileType = sourcecode.c.h; path = ShaderProgram.h; sourceTree = "<group>"; };
		BF3541E42C8B918300F7B096 /* ShaderProgram.cpp */ = {isa = PBXFileReference; fileEncoding = 4; lastKnownFileType = sourcecode.cpp.cpp; path = ShaderProgram.cpp; sourceTree = "<group>"; };
		BF3541E52C8B918300F7B096 /* stb_image.h */ = {isa = PBXFileReference; fileEncoding = 4; lastKnownFileType = sourcecode.c.h; path = stb_image.h; sourceTree = "<group>"; };
		BF3541E62C8B918300F7B096 /* shaders */ = {isa = PBXFileReference; lastKnownFileType = folder; path = shaders; sourceTree = "<group>"; };
		BF3541E92C8B92DC00F7B096 /* OpenGL.framework */ = {isa = PBXFileReference; lastKnownFileType = wrapper.framework; name = OpenGL.framework; path = System/Library/Frameworks/OpenGL.framework; sourceTree = SDKROOT; };
		BF3541EB2C8B92E700F7B096 /* Cocoa.framework */ = {isa = PBXFileReference; lastKnownFileType = wrapper.framework; name = Cocoa.framework; path = System/Library/Frameworks/Cocoa.framework; sourceTree = SDKROOT; };
		BF3541ED2C8B930500F7B096 /* SDL2_image.framework */ = {isa = PBXFileReference; lastKnownFileType = wrapper.framework; name = SDL2_image.framework; path = ../../../../../../../Library/Frameworks/SDL2_image.framework; sourceTree = "<group>"; };
		BF3541EE2C8B930500F7B096 /* SDL2.framework */ = {isa = PBXFileReference; lastKnownFileType = wrapper.framework; name = SDL2.framework; path = ../../../../../../../Library/Frameworks/SDL2.framework; sourceTree = "<group>"; };
		BF3541EF2C8B930500F7B096 /* SDL2_mixer.framework */ = {isa = PBXFileReference; lastKnownFileType = wrapper.framework; name = SDL2_mixer.framework; path = ../../../../../../../Library/Frameworks/SDL2_mixer.framework; sourceTree = "<group>"; };
		BF4367752CD8037800E9D7CF /* main.cpp */ = {isa = PBXFileReference; lastKnownFileType = sourcecode.cpp.cpp; path = main.cpp; sourceTree = "<group>"; };
		BF4367792CD81D6D00E9D7CF /* galactic.mp3 */ = {isa = PBXFileReference; lastKnownFileType = audio.mp3; path = galactic.mp3; sourceTree = "<group>"; };
		BF43677C2CD8240E00E9D7CF /* windrise-background-4k.png */ = {isa = PBXFileReference; lastKnownFileType = image.png; path = "windrise-background-4k.png"; sourceTree = "<group>"; };
		BF43677D2CD833B100E9D7CF /* health_full.png */ = {isa = PBXFileReference; lastKnownFileType = image.png; path = health_full.png; sourceTree = "<group>"; };
		BF43677E2CD833B100E9D7CF /* health_low.png */ = {isa = PBXFileReference; lastKnownFileType = image.png; path = health_low.png; sourceTree = "<group>"; };
		BF43677F2CD833B100E9D7CF /* health_medium.png */ = {isa = PBXFileReference; lastKnownFileType = image.png; path = health_medium.png; sourceTree = "<group>"; };
		BF4367802CD833B100E9D7CF /* health_none.png */ = {isa = PBXFileReference; lastKnownFileType = image.png; path = health_none.png; sourceTree = "<group>"; };
		BF4367812CD833B100E9D7CF /* health_verylow.png */ = {isa = PBXFileReference; lastKnownFileType = image.png; name = health_verylow.png; path = Project4/assets/health_verylow.png; sourceTree = SOURCE_ROOT; };
		BF4367822CD833B100E9D7CF /* Meow-Knight_Attack_1.png */ = {isa = PBXFileReference; lastKnownFileType = image.png; path = "Meow-Knight_Attack_1.png"; sourceTree = "<group>"; };
		BF4367832CD833B100E9D7CF /* Meow-Knight_Attack_2.png */ = {isa = PBXFileReference; lastKnownFileType = image.png; path = "Meow-Knight_Attack_2.png"; sourceTree = "<group>"; };
		BF4367842CD833B100E9D7CF /* Meow-Knight_Attack_3.png */ = {isa = PBXFileReference; lastKnownFileType = image.png; path = "Meow-Knight_Attack_3.png"; sourceTree = "<group>"; };
		BF4367852CD833B100E9D7CF /* Meow-Knight_Attack_4.png */ = {isa = PBXFileReference; lastKnownFileType = image.png; path = "Meow-Knight_Attack_4.png"; sourceTree = "<group>"; };
		BF4367862CD833B100E9D7CF /* Meow-Knight_Death.png */ = {isa = PBXFileReference; lastKnownFileType = image.png; path = "Meow-Knight_Death.png"; sourceTree = "<group>"; };
		BF4367872CD833B100E9D7CF /* Meow-Knight_Dodge.png */ = {isa = PBXFileReference; lastKnownFileType = image.png; path = "Meow-Knight_Dodge.png"; sourceTree = "<group>"; };
		BF4367882CD833B100E9D7CF /* Meow-Knight_Idle.png */ = {isa = PBXFileReference; lastKnownFileType = image.png; path = "Meow-Knight_Idle.png"; sourceTree = "<group>"; };
		BF4367892CD833B100E9D7CF /* Meow-Knight_Jump.png */ = {isa = PBXFileReference; lastKnownFileType = image.png; path = "Meow-Knight_Jump.png"; sourceTree = "<group>"; };
		BF43678A2CD833B100E9D7CF /* Meow-Knight_Run.png */ = {isa = PBXFileReference; lastKnownFileType = image.png; path = "Meow-Knight_Run.png"; sourceTree = "<group>"; };
		BF43678B2CD833B100E9D7CF /* Meow-Knight_Take_Damage.png */ = {isa = PBXFileReference; lastKnownFileType = image.png; path = "Meow-Knight_Take_Damage.png"; sourceTree = "<group>"; };
		BF43678C2CD834D200E9D7CF /* retro-jump-3-236683.wav */ = {isa = PBXFileReference; lastKnownFileType = audio.wav; path = "retro-jump-3-236683.wav"; sourceTree = "<group>"; };
		BF4367AB2CD8716300E9D7CF /* Map.h */ = {isa = PBXFileReference; lastKnownFileType = sourcecode.c.h; path = Map.h; sourceTree = "<group>"; };
		BF4367AC2CD8716300E9D7CF /* Map.cpp */ = {isa = PBXFileReference; lastKnownFileType = sourcecode.cpp.cpp; path = Map.cpp; sourceTree = "<group>"; };
		BF4367AF2CD8772700E9D7CF /* tilemap.png */ = {isa = PBXFileReference; lastKnownFileType = image.png; path = tilemap.png; sourceTree = "<group>"; };
		BF6DF7B52CC2F22400772AA0 /* bounce.wav */ = {isa = PBXFileReference; lastKnownFileType = audio.wav; path = bounce.wav; sourceTree = "<group>"; };
		BF6DF7B62CC2F22400772AA0 /* crypto.mp3 */ = {isa = PBXFileReference; lastKnownFileType = audio.mp3; path = crypto.mp3; sourceTree = "<group>"; };
		BF6DF7B72CC2F22400772AA0 /* font1.png */ = {isa = PBXFileReference; lastKnownFileType = image.png; path = font1.png; sourceTree = "<group>"; };
		BF6DF7B82CC2F22400772AA0 /* george_0.png */ = {isa = PBXFileReference; lastKnownFileType = image.png; path = george_0.png; sourceTree = "<group>"; };
		BF6DF7B92CC2F22400772AA0 /* platformPack_tile027.png */ = {isa = PBXFileReference; lastKnownFileType = image.png; path = platformPack_tile027.png; sourceTree = "<group>"; };
		BF6DF7BA2CC2F22400772AA0 /* soph.png */ = {isa = PBXFileReference; lastKnownFileType = image.png; path = soph.png; sourceTree = "<group>"; };
		BF6DF7C12CC2F32000772AA0 /* Entity.h */ = {isa = PBXFileReference; lastKnownFileType = sourcecode.c.h; path = Entity.h; sourceTree = "<group>"; };
		BF6DF7C22CC2F32000772AA0 /* Entity.cpp */ = {isa = PBXFileReference; lastKnownFileType = sourcecode.cpp.cpp; path = Entity.cpp; sourceTree = "<group>"; };
/* End PBXFileReference section */

/* Begin PBXFrameworksBuildPhase section */
		BF3541CF2C8B90B100F7B096 /* Frameworks */ = {
			isa = PBXFrameworksBuildPhase;
			buildActionMask = 2147483647;
			files = (
				BF3541F02C8B930500F7B096 /* SDL2_image.framework in Frameworks */,
				BF3541F12C8B930500F7B096 /* SDL2.framework in Frameworks */,
				BF3541F22C8B930500F7B096 /* SDL2_mixer.framework in Frameworks */,
				BF3541EC2C8B92E700F7B096 /* Cocoa.framework in Frameworks */,
				BF3541EA2C8B92DC00F7B096 /* OpenGL.framework in Frameworks */,
			);
			runOnlyForDeploymentPostprocessing = 0;
		};
/* End PBXFrameworksBuildPhase section */

/* Begin PBXGroup section */
		BF3541C92C8B90B100F7B096 = {
			isa = PBXGroup;
			children = (
				BF3541D42C8B90B100F7B096 /* Project4 */,
				BF3541D32C8B90B100F7B096 /* Products */,
				BF3541E82C8B92DB00F7B096 /* Frameworks */,
			);
			sourceTree = "<group>";
		};
		BF3541D32C8B90B100F7B096 /* Products */ = {
			isa = PBXGroup;
			children = (
				BF3541D22C8B90B100F7B096 /* Project4 */,
			);
			name = Products;
			sourceTree = "<group>";
		};
		BF3541D42C8B90B100F7B096 /* Project4 */ = {
			isa = PBXGroup;
			children = (
				BF3541E22C8B918300F7B096 /* glm */,
				BF3541E42C8B918300F7B096 /* ShaderProgram.cpp */,
				BF3541E32C8B918300F7B096 /* ShaderProgram.h */,
				BF3541E62C8B918300F7B096 /* shaders */,
				BF3541E52C8B918300F7B096 /* stb_image.h */,
				BF6DF7BB2CC2F22400772AA0 /* assets */,
				BF6DF7C12CC2F32000772AA0 /* Entity.h */,
				BF6DF7C22CC2F32000772AA0 /* Entity.cpp */,
				BF4367752CD8037800E9D7CF /* main.cpp */,
				BF4367AB2CD8716300E9D7CF /* Map.h */,
				BF4367AC2CD8716300E9D7CF /* Map.cpp */,
			);
			path = Project4;
			sourceTree = "<group>";
		};
		BF3541E82C8B92DB00F7B096 /* Frameworks */ = {
			isa = PBXGroup;
			children = (
				BF3541ED2C8B930500F7B096 /* SDL2_image.framework */,
				BF3541EF2C8B930500F7B096 /* SDL2_mixer.framework */,
				BF3541EE2C8B930500F7B096 /* SDL2.framework */,
				BF3541EB2C8B92E700F7B096 /* Cocoa.framework */,
				BF3541E92C8B92DC00F7B096 /* OpenGL.framework */,
			);
			name = Frameworks;
			sourceTree = "<group>";
		};
		BF6DF7BB2CC2F22400772AA0 /* assets */ = {
			isa = PBXGroup;
			children = (
				BF43678C2CD834D200E9D7CF /* retro-jump-3-236683.wav */,
				BF43677C2CD8240E00E9D7CF /* windrise-background-4k.png */,
				BF6DF7B52CC2F22400772AA0 /* bounce.wav */,
				BF6DF7B62CC2F22400772AA0 /* crypto.mp3 */,
				BF6DF7B72CC2F22400772AA0 /* font1.png */,
				BF6DF7B82CC2F22400772AA0 /* george_0.png */,
				BF6DF7B92CC2F22400772AA0 /* platformPack_tile027.png */,
				BF6DF7BA2CC2F22400772AA0 /* soph.png */,
				BF4367792CD81D6D00E9D7CF /* galactic.mp3 */,
				BF43677D2CD833B100E9D7CF /* health_full.png */,
				BF43677E2CD833B100E9D7CF /* health_low.png */,
				BF43677F2CD833B100E9D7CF /* health_medium.png */,
				BF4367802CD833B100E9D7CF /* health_none.png */,
				BF4367812CD833B100E9D7CF /* health_verylow.png */,
				BF4367822CD833B100E9D7CF /* Meow-Knight_Attack_1.png */,
				BF4367832CD833B100E9D7CF /* Meow-Knight_Attack_2.png */,
				BF4367842CD833B100E9D7CF /* Meow-Knight_Attack_3.png */,
				BF4367852CD833B100E9D7CF /* Meow-Knight_Attack_4.png */,
				BF4367862CD833B100E9D7CF /* Meow-Knight_Death.png */,
				BF4367872CD833B100E9D7CF /* Meow-Knight_Dodge.png */,
				BF4367882CD833B100E9D7CF /* Meow-Knight_Idle.png */,
				BF4367892CD833B100E9D7CF /* Meow-Knight_Jump.png */,
				BF43678A2CD833B100E9D7CF /* Meow-Knight_Run.png */,
				BF43678B2CD833B100E9D7CF /* Meow-Knight_Take_Damage.png */,
				BF4367AF2CD8772700E9D7CF /* tilemap.png */,
			);
			path = assets;
			sourceTree = "<group>";
		};
/* End PBXGroup section */

/* Begin PBXNativeTarget section */
		BF3541D12C8B90B100F7B096 /* Project4 */ = {
			isa = PBXNativeTarget;
			buildConfigurationList = BF3541D92C8B90B100F7B096 /* Build configuration list for PBXNativeTarget "Project4" */;
			buildPhases = (
				BF3541CE2C8B90B100F7B096 /* Sources */,
				BF3541CF2C8B90B100F7B096 /* Frameworks */,
				BF3541D02C8B90B100F7B096 /* CopyFiles */,
			);
			buildRules = (
			);
			dependencies = (
			);
			name = Project4;
			productName = SDLSimple;
			productReference = BF3541D22C8B90B100F7B096 /* Project4 */;
			productType = "com.apple.product-type.tool";
		};
/* End PBXNativeTarget section */

/* Begin PBXProject section */
		BF3541CA2C8B90B100F7B096 /* Project object */ = {
			isa = PBXProject;
			attributes = {
				BuildIndependentTargetsInParallel = 1;
				LastUpgradeCheck = 1540;
				TargetAttributes = {
					BF3541D12C8B90B100F7B096 = {
						CreatedOnToolsVersion = 15.4;
					};
				};
			};
			buildConfigurationList = BF3541CD2C8B90B100F7B096 /* Build configuration list for PBXProject "Project4" */;
			compatibilityVersion = "Xcode 14.0";
			developmentRegion = en;
			hasScannedForEncodings = 0;
			knownRegions = (
				en,
				Base,
			);
			mainGroup = BF3541C92C8B90B100F7B096;
			productRefGroup = BF3541D32C8B90B100F7B096 /* Products */;
			projectDirPath = "";
			projectRoot = "";
			targets = (
				BF3541D12C8B90B100F7B096 /* Project4 */,
			);
		};
/* End PBXProject section */

/* Begin PBXSourcesBuildPhase section */
		BF3541CE2C8B90B100F7B096 /* Sources */ = {
			isa = PBXSourcesBuildPhase;
			buildActionMask = 2147483647;
			files = (
				BF6DF7C42CC2F32000772AA0 /* Entity.cpp in Sources */,
				BF3541E72C8B918300F7B096 /* ShaderProgram.cpp in Sources */,
				BF4367AD2CD8716300E9D7CF /* Map.cpp in Sources */,
				BF4367762CD8037800E9D7CF /* main.cpp in Sources */,
			);
			runOnlyForDeploymentPostprocessing = 0;
		};
/* End PBXSourcesBuildPhase section */

/* Begin XCBuildConfiguration section */
		BF3541D72C8B90B100F7B096 /* Debug */ = {
			isa = XCBuildConfiguration;
			buildSettings = {
				ALWAYS_SEARCH_USER_PATHS = NO;
				ASSETCATALOG_COMPILER_GENERATE_SWIFT_ASSET_SYMBOL_EXTENSIONS = YES;
				CLANG_ANALYZER_NONNULL = YES;
				CLANG_ANALYZER_NUMBER_OBJECT_CONVERSION = YES_AGGRESSIVE;
				CLANG_CXX_LANGUAGE_STANDARD = "gnu++20";
				CLANG_ENABLE_MODULES = YES;
				CLANG_ENABLE_OBJC_ARC = YES;
				CLANG_ENABLE_OBJC_WEAK = YES;
				CLANG_WARN_BLOCK_CAPTURE_AUTORELEASING = YES;
				CLANG_WARN_BOOL_CONVERSION = YES;
				CLANG_WARN_COMMA = YES;
				CLANG_WARN_CONSTANT_CONVERSION = YES;
				CLANG_WARN_DEPRECATED_OBJC_IMPLEMENTATIONS = YES;
				CLANG_WARN_DIRECT_OBJC_ISA_USAGE = YES_ERROR;
				CLANG_WARN_DOCUMENTATION_COMMENTS = YES;
				CLANG_WARN_EMPTY_BODY = YES;
				CLANG_WARN_ENUM_CONVERSION = YES;
				CLANG_WARN_INFINITE_RECURSION = YES;
				CLANG_WARN_INT_CONVERSION = YES;
				CLANG_WARN_NON_LITERAL_NULL_CONVERSION = YES;
				CLANG_WARN_OBJC_IMPLICIT_RETAIN_SELF = YES;
				CLANG_WARN_OBJC_LITERAL_CONVERSION = YES;
				CLANG_WARN_OBJC_ROOT_CLASS = YES_ERROR;
				CLANG_WARN_QUOTED_INCLUDE_IN_FRAMEWORK_HEADER = YES;
				CLANG_WARN_RANGE_LOOP_ANALYSIS = YES;
				CLANG_WARN_STRICT_PROTOTYPES = YES;
				CLANG_WARN_SUSPICIOUS_MOVE = YES;
				CLANG_WARN_UNGUARDED_AVAILABILITY = YES_AGGRESSIVE;
				CLANG_WARN_UNREACHABLE_CODE = YES;
				CLANG_WARN__DUPLICATE_METHOD_MATCH = YES;
				COPY_PHASE_STRIP = NO;
				DEBUG_INFORMATION_FORMAT = dwarf;
				ENABLE_STRICT_OBJC_MSGSEND = YES;
				ENABLE_TESTABILITY = YES;
				ENABLE_USER_SCRIPT_SANDBOXING = YES;
				GCC_C_LANGUAGE_STANDARD = gnu17;
				GCC_DYNAMIC_NO_PIC = NO;
				GCC_NO_COMMON_BLOCKS = YES;
				GCC_OPTIMIZATION_LEVEL = 0;
				GCC_PREPROCESSOR_DEFINITIONS = (
					"DEBUG=1",
					"$(inherited)",
				);
				GCC_WARN_64_TO_32_BIT_CONVERSION = YES;
				GCC_WARN_ABOUT_RETURN_TYPE = YES_ERROR;
				GCC_WARN_UNDECLARED_SELECTOR = YES;
				GCC_WARN_UNINITIALIZED_AUTOS = YES_AGGRESSIVE;
				GCC_WARN_UNUSED_FUNCTION = YES;
				GCC_WARN_UNUSED_VARIABLE = YES;
				LOCALIZATION_PREFERS_STRING_CATALOGS = YES;
				MACOSX_DEPLOYMENT_TARGET = 14.3;
				MTL_ENABLE_DEBUG_INFO = INCLUDE_SOURCE;
				MTL_FAST_MATH = YES;
				ONLY_ACTIVE_ARCH = YES;
				SDKROOT = macosx;
			};
			name = Debug;
		};
		BF3541D82C8B90B100F7B096 /* Release */ = {
			isa = XCBuildConfiguration;
			buildSettings = {
				ALWAYS_SEARCH_USER_PATHS = NO;
				ASSETCATALOG_COMPILER_GENERATE_SWIFT_ASSET_SYMBOL_EXTENSIONS = YES;
				CLANG_ANALYZER_NONNULL = YES;
				CLANG_ANALYZER_NUMBER_OBJECT_CONVERSION = YES_AGGRESSIVE;
				CLANG_CXX_LANGUAGE_STANDARD = "gnu++20";
				CLANG_ENABLE_MODULES = YES;
				CLANG_ENABLE_OBJC_ARC = YES;
				CLANG_ENABLE_OBJC_WEAK = YES;
				CLANG_WARN_BLOCK_CAPTURE_AUTORELEASING = YES;
				CLANG_WARN_BOOL_CONVERSION = YES;
				CLANG_WARN_COMMA = YES;
				CLANG_WARN_CONSTANT_CONVERSION = YES;
				CLANG_WARN_DEPRECATED_OBJC_IMPLEMENTATIONS = YES;
				CLANG_WARN_DIRECT_OBJC_ISA_USAGE = YES_ERROR;
				CLANG_WARN_DOCUMENTATION_COMMENTS = YES;
				CLANG_WARN_EMPTY_BODY = YES;
				CLANG_WARN_ENUM_CONVERSION = YES;
				CLANG_WARN_INFINITE_RECURSION = YES;
				CLANG_WARN_INT_CONVERSION = YES;
				CLANG_WARN_NON_LITERAL_NULL_CONVERSION = YES;
				CLANG_WARN_OBJC_IMPLICIT_RETAIN_SELF = YES;
				CLANG_WARN_OBJC_LITERAL_CONVERSION = YES;
				CLANG_WARN_OBJC_ROOT_CLASS = YES_ERROR;
				CLANG_WARN_QUOTED_INCLUDE_IN_FRAMEWORK_HEADER = YES;
				CLANG_WARN_RANGE_LOOP_ANALYSIS = YES;
				CLANG_WARN_STRICT_PROTOTYPES = YES;
				CLANG_WARN_SUSPICIOUS_MOVE = YES;
				CLANG_WARN_UNGUARDED_AVAILABILITY = YES_AGGRESSIVE;
				CLANG_WARN_UNREACHABLE_CODE = YES;
				CLANG_WARN__DUPLICATE_METHOD_MATCH = YES;
				COPY_PHASE_STRIP = NO;
				DEBUG_INFORMATION_FORMAT = "dwarf-with-dsym";
				ENABLE_NS_ASSERTIONS = NO;
				ENABLE_STRICT_OBJC_MSGSEND = YES;
				ENABLE_USER_SCRIPT_SANDBOXING = YES;
				GCC_C_LANGUAGE_STANDARD = gnu17;
				GCC_NO_COMMON_BLOCKS = YES;
				GCC_WARN_64_TO_32_BIT_CONVERSION = YES;
				GCC_WARN_ABOUT_RETURN_TYPE = YES_ERROR;
				GCC_WARN_UNDECLARED_SELECTOR = YES;
				GCC_WARN_UNINITIALIZED_AUTOS = YES_AGGRESSIVE;
				GCC_WARN_UNUSED_FUNCTION = YES;
				GCC_WARN_UNUSED_VARIABLE = YES;
				LOCALIZATION_PREFERS_STRING_CATALOGS = YES;
				MACOSX_DEPLOYMENT_TARGET = 14.3;
				MTL_ENABLE_DEBUG_INFO = NO;
				MTL_FAST_MATH = YES;
				SDKROOT = macosx;
			};
			name = Release;
		};
		BF3541DA2C8B90B100F7B096 /* Debug */ = {
			isa = XCBuildConfiguration;
			buildSettings = {
				CODE_SIGN_STYLE = Automatic;
				FRAMEWORK_SEARCH_PATHS = (
					"$(inherited)",
					"$(LOCAL_LIBRARY_DIR)/Frameworks",
				);
				HEADER_SEARCH_PATHS = (
					/Library/Frameworks/SDL2_image.framework/Versions/A/Headers,
					/Library/Frameworks/SDL2.framework/Versions/A/Headers,
					/Library/Frameworks/SDL2_mixer.framework/Versions/A/Headers,
				);
				PRODUCT_NAME = "$(TARGET_NAME)";
			};
			name = Debug;
		};
		BF3541DB2C8B90B100F7B096 /* Release */ = {
			isa = XCBuildConfiguration;
			buildSettings = {
				CODE_SIGN_STYLE = Automatic;
				FRAMEWORK_SEARCH_PATHS = (
					"$(inherited)",
					"$(LOCAL_LIBRARY_DIR)/Frameworks",
				);
				HEADER_SEARCH_PATHS = (
					/Library/Frameworks/SDL2_image.framework/Versions/A/Headers,
					/Library/Frameworks/SDL2.framework/Versions/A/Headers,
					/Library/Frameworks/SDL2_mixer.framework/Versions/A/Headers,
				);
				PRODUCT_NAME = "$(TARGET_NAME)";
			};
			name = Release;
		};
/* End XCBuildConfiguration section */

/* Begin XCConfigurationList section */
		BF3541CD2C8B90B100F7B096 /* Build configuration list for PBXProject "Project4" */ = {
			isa = XCConfigurationList;
			buildConfigurations = (
				BF3541D72C8B90B100F7B096 /* Debug */,
				BF3541D82C8B90B100F7B096 /* Release */,
			);
			defaultConfigurationIsVisible = 0;
			defaultConfigurationName = Release;
		};
		BF3541D92C8B90B100F7B096 /* Build configuration list for PBXNativeTarget "Project4" */ = {
			isa = XCConfigurationList;
			buildConfigurations = (
				BF3541DA2C8B90B100F7B096 /* Debug */,
				BF3541DB2C8B90B100F7B096 /* Release */,
			);
			defaultConfigurationIsVisible = 0;
			defaultConfigurationName = Release;
		};
/* End XCConfigurationList section */
	};
	rootObject = BF3541CA2C8B90B100F7B096 /* Project object */;
}
